
Microsoft Visual Studio Solution File, Format Version 12.00
# Visual Studio 15
VisualStudioVersion = 15.0.27703.2018
MinimumVisualStudioVersion = 10.0.40219.1
Project("{8BC9CEB8-8B4A-11D0-8D11-00A0C91BC942}") = "Wirths_James_Lab5", "Wirths_James_Lab5\Wirths_James_Lab5.vcxproj", "{8C901639-9BE6-421B-B8F3-BE436A31D6EE}"
EndProject
Global
	GlobalSection(SolutionConfigurationPlatforms) = preSolution
		Debug|x64 = Debug|x64
		Debug|x86 = Debug|x86
		Release|x64 = Release|x64
		Release|x86 = Release|x86
	EndGlobalSection
	GlobalSection(ProjectConfigurationPlatforms) = postSolution
		{8C901639-9BE6-421B-B8F3-BE436A31D6EE}.Debug|x64.ActiveCfg = Debug|x64
		{8C901639-9BE6-421B-B8F3-BE436A31D6EE}.Debug|x64.Build.0 = Debug|x64
		{8C901639-9BE6-421B-B8F3-BE436A31D6EE}.Debug|x86.ActiveCfg = Debug|Win32
		{8C901639-9BE6-421B-B8F3-BE436A31D6EE}.Debug|x86.Build.0 = Debug|Win32
		{8C901639-9BE6-421B-B8F3-BE436A31D6EE}.Release|x64.ActiveCfg = Release|x64
		{8C901639-9BE6-421B-B8F3-BE436A31D6EE}.Release|x64.Build.0 = Release|x64
		{8C901639-9BE6-421B-B8F3-BE436A31D6EE}.Release|x86.ActiveCfg = Release|Win32
		{8C901639-9BE6-421B-B8F3-BE436A31D6EE}.Release|x86.Build.0 = Release|Win32
	EndGlobalSection
	GlobalSection(SolutionProperties) = preSolution
		HideSolutionNode = FALSE
	EndGlobalSection
	GlobalSection(ExtensibilityGlobals) = postSolution
		SolutionGuid = {5EBBEEB4-6BB6-4698-91C6-5EC675B1EE41}
	EndGlobalSection
EndGlobal
